PODS:
  - Firebase (2.0.2)
  - MBProgressHUD (0.9)
  - PureLayout (2.0.3)

DEPENDENCIES:
  - Firebase (>= 1.2.2)
  - MBProgressHUD (~> 0.9)
  - PureLayout

SPEC CHECKSUMS:
  Firebase: 793a4581e4f4d9cb1e156cab89ca367f3d02b473
  MBProgressHUD: 2038dbcf3dce73215abed6001657043d53aa79a8
  PureLayout: 9658675ed95dabfcdf5154c0771ec9ed0980b370

COCOAPODS: 0.34.4
