// !$*UTF8*$!
{
	archiveVersion = 1;
	classes = {
	};
	objectVersion = 46;
	objects = {

/* Begin PBXBuildFile section */
		161ECC801F39009600699E77 /* AppDelegate.swift in Sources */ = {isa = PBXBuildFile; fileRef = 161ECC7F1F39009600699E77 /* AppDelegate.swift */; };
		161ECC871F39009600699E77 /* Assets.xcassets in Resources */ = {isa = PBXBuildFile; fileRef = 161ECC861F39009600699E77 /* Assets.xcassets */; };
		161ECC8A1F39009600699E77 /* LaunchScreen.storyboard in Resources */ = {isa = PBXBuildFile; fileRef = 161ECC881F39009600699E77 /* LaunchScreen.storyboard */; };
		163883731F4DF0B4003FE942 /* HNCore.framework in Frameworks */ = {isa = PBXBuildFile; fileRef = 1638833F1F4CA91F003FE942 /* HNCore.framework */; };
		1638837F1F4DF76C003FE942 /* UIColorUtilities.swift in Sources */ = {isa = PBXBuildFile; fileRef = 1638837E1F4DF76C003FE942 /* UIColorUtilities.swift */; };
		1638838F1F4DF797003FE942 /* UIColorUtilitiesTests.swift in Sources */ = {isa = PBXBuildFile; fileRef = 1638838E1F4DF797003FE942 /* UIColorUtilitiesTests.swift */; };
		163883901F4DF7B0003FE942 /* UIColorUtilities.swift in Sources */ = {isa = PBXBuildFile; fileRef = 1638837E1F4DF76C003FE942 /* UIColorUtilities.swift */; };
		16CFD98C1F3A15C900B8A2C4 /* TableViewController.swift in Sources */ = {isa = PBXBuildFile; fileRef = 16CFD98B1F3A15C900B8A2C4 /* TableViewController.swift */; };
		16CFD98F1F3A175C00B8A2C4 /* CircledNumberView.swift in Sources */ = {isa = PBXBuildFile; fileRef = 16CFD98E1F3A175C00B8A2C4 /* CircledNumberView.swift */; };
		16CFD9921F3A17ED00B8A2C4 /* StoryCell.swift in Sources */ = {isa = PBXBuildFile; fileRef = 16CFD9901F3A17ED00B8A2C4 /* StoryCell.swift */; };
		16CFD9931F3A17ED00B8A2C4 /* StoryCell.xib in Resources */ = {isa = PBXBuildFile; fileRef = 16CFD9911F3A17ED00B8A2C4 /* StoryCell.xib */; };
/* End PBXBuildFile section */

/* Begin PBXContainerItemProxy section */
		163883891F4DF787003FE942 /* PBXContainerItemProxy */ = {
			isa = PBXContainerItemProxy;
			containerPortal = 161ECC741F39009500699E77 /* Project object */;
			proxyType = 1;
			remoteGlobalIDString = 161ECC7B1F39009500699E77;
			remoteInfo = hackyto;
		};
/* End PBXContainerItemProxy section */

/* Begin PBXFileReference section */
		161ECC7C1F39009500699E77 /* hackyto.app */ = {isa = PBXFileReference; explicitFileType = wrapper.application; includeInIndex = 0; path = hackyto.app; sourceTree = BUILT_PRODUCTS_DIR; };
		161ECC7F1F39009600699E77 /* AppDelegate.swift */ = {isa = PBXFileReference; lastKnownFileType = sourcecode.swift; path = AppDelegate.swift; sourceTree = "<group>"; };
		161ECC861F39009600699E77 /* Assets.xcassets */ = {isa = PBXFileReference; lastKnownFileType = folder.assetcatalog; path = Assets.xcassets; sourceTree = "<group>"; };
		161ECC891F39009600699E77 /* Base */ = {isa = PBXFileReference; lastKnownFileType = file.storyboard; name = Base; path = Base.lproj/LaunchScreen.storyboard; sourceTree = "<group>"; };
		161ECC8B1F39009600699E77 /* Info.plist */ = {isa = PBXFileReference; lastKnownFileType = text.plist.xml; path = Info.plist; sourceTree = "<group>"; };
		1638833F1F4CA91F003FE942 /* HNCore.framework */ = {isa = PBXFileReference; lastKnownFileType = wrapper.framework; name = HNCore.framework; path = "../../../../../Library/Developer/Xcode/DerivedData/Hackyto-fppwzyofzcpofichzuzlhygpduxq/Build/Products/Debug-iphonesimulator/HNCore.framework"; sourceTree = "<group>"; };
		163883651F4CEA17003FE942 /* libHNCoreLib.a */ = {isa = PBXFileReference; lastKnownFileType = archive.ar; name = libHNCoreLib.a; path = "../../../../../Library/Developer/Xcode/DerivedData/Hackyto-fppwzyofzcpofichzuzlhygpduxq/Build/Products/Debug-iphonesimulator/libHNCoreLib.a"; sourceTree = "<group>"; };
		163883671F4CEAB9003FE942 /* libHN.a */ = {isa = PBXFileReference; lastKnownFileType = archive.ar; name = libHN.a; path = "../../../../../Library/Developer/Xcode/DerivedData/Hackyto-fppwzyofzcpofichzuzlhygpduxq/Build/Products/Debug-iphonesimulator/libHN.a"; sourceTree = "<group>"; };
		163883741F4DF0EF003FE942 /* Config.xcconfig */ = {isa = PBXFileReference; lastKnownFileType = text.xcconfig; path = Config.xcconfig; sourceTree = "<group>"; };
		1638837E1F4DF76C003FE942 /* UIColorUtilities.swift */ = {isa = PBXFileReference; fileEncoding = 4; lastKnownFileType = sourcecode.swift; name = UIColorUtilities.swift; path = Utilities/UIColorUtilities.swift; sourceTree = "<group>"; };
		163883841F4DF787003FE942 /* hackytoTests.xctest */ = {isa = PBXFileReference; explicitFileType = wrapper.cfbundle; includeInIndex = 0; path = hackytoTests.xctest; sourceTree = BUILT_PRODUCTS_DIR; };
		163883881F4DF787003FE942 /* Info.plist */ = {isa = PBXFileReference; lastKnownFileType = text.plist.xml; path = Info.plist; sourceTree = "<group>"; };
		1638838E1F4DF797003FE942 /* UIColorUtilitiesTests.swift */ = {isa = PBXFileReference; fileEncoding = 4; lastKnownFileType = sourcecode.swift; path = UIColorUtilitiesTests.swift; sourceTree = "<group>"; };
		163883911F4DFE14003FE942 /* hackytoTests-Bridging-Header.h */ = {isa = PBXFileReference; lastKnownFileType = sourcecode.c.h; path = "hackytoTests-Bridging-Header.h"; sourceTree = "<group>"; };
		16CFD98B1F3A15C900B8A2C4 /* TableViewController.swift */ = {isa = PBXFileReference; fileEncoding = 4; lastKnownFileType = sourcecode.swift; name = TableViewController.swift; path = Controllers/TableViewController.swift; sourceTree = "<group>"; };
		16CFD98E1F3A175C00B8A2C4 /* CircledNumberView.swift */ = {isa = PBXFileReference; fileEncoding = 4; lastKnownFileType = sourcecode.swift; name = CircledNumberView.swift; path = Views/CircledNumberView.swift; sourceTree = "<group>"; };
		16CFD9901F3A17ED00B8A2C4 /* StoryCell.swift */ = {isa = PBXFileReference; fileEncoding = 4; lastKnownFileType = sourcecode.swift; name = StoryCell.swift; path = Views/StoryCell.swift; sourceTree = "<group>"; };
		16CFD9911F3A17ED00B8A2C4 /* StoryCell.xib */ = {isa = PBXFileReference; fileEncoding = 4; lastKnownFileType = file.xib; name = StoryCell.xib; path = Views/StoryCell.xib; sourceTree = "<group>"; };
		16CFD9971F3A19B500B8A2C4 /* hackyto-Bridging-Header.h */ = {isa = PBXFileReference; lastKnownFileType = sourcecode.c.h; path = "hackyto-Bridging-Header.h"; sourceTree = "<group>"; };
/* End PBXFileReference section */

/* Begin PBXFrameworksBuildPhase section */
		161ECC791F39009500699E77 /* Frameworks */ = {
			isa = PBXFrameworksBuildPhase;
			buildActionMask = 2147483647;
			files = (
				163883731F4DF0B4003FE942 /* HNCore.framework in Frameworks */,
			);
			runOnlyForDeploymentPostprocessing = 0;
		};
		163883811F4DF787003FE942 /* Frameworks */ = {
			isa = PBXFrameworksBuildPhase;
			buildActionMask = 2147483647;
			files = (
			);
			runOnlyForDeploymentPostprocessing = 0;
		};
/* End PBXFrameworksBuildPhase section */

/* Begin PBXGroup section */
		161ECC731F39009500699E77 = {
			isa = PBXGroup;
			children = (
				163883741F4DF0EF003FE942 /* Config.xcconfig */,
				161ECC7E1F39009500699E77 /* hackyto */,
				163883851F4DF787003FE942 /* hackytoTests */,
				161ECC7D1F39009500699E77 /* Products */,
				1638833E1F4CA91F003FE942 /* Frameworks */,
			);
			sourceTree = "<group>";
		};
		161ECC7D1F39009500699E77 /* Products */ = {
			isa = PBXGroup;
			children = (
				161ECC7C1F39009500699E77 /* hackyto.app */,
				163883841F4DF787003FE942 /* hackytoTests.xctest */,
			);
			name = Products;
			sourceTree = "<group>";
		};
		161ECC7E1F39009500699E77 /* hackyto */ = {
			isa = PBXGroup;
			children = (
				1638837D1F4DF75C003FE942 /* Utilities */,
				16CFD98D1F3A161600B8A2C4 /* Views */,
				16CFD98A1F3A147600B8A2C4 /* Controllers */,
				161ECC7F1F39009600699E77 /* AppDelegate.swift */,
				16CFD9971F3A19B500B8A2C4 /* hackyto-Bridging-Header.h */,
				161ECC861F39009600699E77 /* Assets.xcassets */,
				161ECC881F39009600699E77 /* LaunchScreen.storyboard */,
				161ECC8B1F39009600699E77 /* Info.plist */,
			);
			path = hackyto;
			sourceTree = "<group>";
		};
		1638833E1F4CA91F003FE942 /* Frameworks */ = {
			isa = PBXGroup;
			children = (
				163883671F4CEAB9003FE942 /* libHN.a */,
				163883651F4CEA17003FE942 /* libHNCoreLib.a */,
				1638833F1F4CA91F003FE942 /* HNCore.framework */,
			);
			name = Frameworks;
			sourceTree = "<group>";
		};
		1638837D1F4DF75C003FE942 /* Utilities */ = {
			isa = PBXGroup;
			children = (
				1638837E1F4DF76C003FE942 /* UIColorUtilities.swift */,
			);
			name = Utilities;
			sourceTree = "<group>";
		};
		163883851F4DF787003FE942 /* hackytoTests */ = {
			isa = PBXGroup;
			children = (
				1638838E1F4DF797003FE942 /* UIColorUtilitiesTests.swift */,
				163883881F4DF787003FE942 /* Info.plist */,
				163883911F4DFE14003FE942 /* hackytoTests-Bridging-Header.h */,
			);
			path = hackytoTests;
			sourceTree = "<group>";
		};
		16CFD98A1F3A147600B8A2C4 /* Controllers */ = {
			isa = PBXGroup;
			children = (
				16CFD98B1F3A15C900B8A2C4 /* TableViewController.swift */,
			);
			name = Controllers;
			sourceTree = "<group>";
		};
		16CFD98D1F3A161600B8A2C4 /* Views */ = {
			isa = PBXGroup;
			children = (
				16CFD9901F3A17ED00B8A2C4 /* StoryCell.swift */,
				16CFD9911F3A17ED00B8A2C4 /* StoryCell.xib */,
				16CFD98E1F3A175C00B8A2C4 /* CircledNumberView.swift */,
			);
			name = Views;
			sourceTree = "<group>";
		};
/* End PBXGroup section */

/* Begin PBXNativeTarget section */
		161ECC7B1F39009500699E77 /* hackyto */ = {
			isa = PBXNativeTarget;
			buildConfigurationList = 161ECC8E1F39009600699E77 /* Build configuration list for PBXNativeTarget "hackyto" */;
			buildPhases = (
				161ECC781F39009500699E77 /* Sources */,
				161ECC791F39009500699E77 /* Frameworks */,
				161ECC7A1F39009500699E77 /* Resources */,
			);
			buildRules = (
			);
			dependencies = (
			);
			name = hackyto;
			productName = hackyto;
			productReference = 161ECC7C1F39009500699E77 /* hackyto.app */;
			productType = "com.apple.product-type.application";
		};
		163883831F4DF787003FE942 /* hackytoTests */ = {
			isa = PBXNativeTarget;
			buildConfigurationList = 1638838B1F4DF787003FE942 /* Build configuration list for PBXNativeTarget "hackytoTests" */;
			buildPhases = (
				163883801F4DF787003FE942 /* Sources */,
				163883811F4DF787003FE942 /* Frameworks */,
				163883821F4DF787003FE942 /* Resources */,
			);
			buildRules = (
			);
			dependencies = (
				1638838A1F4DF787003FE942 /* PBXTargetDependency */,
			);
			name = hackytoTests;
			productName = hackytoTests;
			productReference = 163883841F4DF787003FE942 /* hackytoTests.xctest */;
			productType = "com.apple.product-type.bundle.unit-test";
		};
/* End PBXNativeTarget section */

/* Begin PBXProject section */
		161ECC741F39009500699E77 /* Project object */ = {
			isa = PBXProject;
			attributes = {
				LastSwiftUpdateCheck = 0830;
				LastUpgradeCheck = 0830;
				ORGANIZATIONNAME = "Ernesto Torres";
				TargetAttributes = {
					161ECC7B1F39009500699E77 = {
						CreatedOnToolsVersion = 8.3.3;
						DevelopmentTeam = WUZALV7LJS;
						LastSwiftMigration = 0830;
						ProvisioningStyle = Automatic;
					};
					163883831F4DF787003FE942 = {
						CreatedOnToolsVersion = 8.3.3;
						DevelopmentTeam = WUZALV7LJS;
						LastSwiftMigration = 0830;
						ProvisioningStyle = Automatic;
						TestTargetID = 161ECC7B1F39009500699E77;
					};
				};
			};
			buildConfigurationList = 161ECC771F39009500699E77 /* Build configuration list for PBXProject "hackyto" */;
			compatibilityVersion = "Xcode 3.2";
			developmentRegion = English;
			hasScannedForEncodings = 0;
			knownRegions = (
				en,
				Base,
			);
			mainGroup = 161ECC731F39009500699E77;
			productRefGroup = 161ECC7D1F39009500699E77 /* Products */;
			projectDirPath = "";
			projectRoot = "";
			targets = (
				161ECC7B1F39009500699E77 /* hackyto */,
				163883831F4DF787003FE942 /* hackytoTests */,
			);
		};
/* End PBXProject section */

/* Begin PBXResourcesBuildPhase section */
		161ECC7A1F39009500699E77 /* Resources */ = {
			isa = PBXResourcesBuildPhase;
			buildActionMask = 2147483647;
			files = (
				161ECC8A1F39009600699E77 /* LaunchScreen.storyboard in Resources */,
				16CFD9931F3A17ED00B8A2C4 /* StoryCell.xib in Resources */,
				161ECC871F39009600699E77 /* Assets.xcassets in Resources */,
			);
			runOnlyForDeploymentPostprocessing = 0;
		};
		163883821F4DF787003FE942 /* Resources */ = {
			isa = PBXResourcesBuildPhase;
			buildActionMask = 2147483647;
			files = (
			);
			runOnlyForDeploymentPostprocessing = 0;
		};
/* End PBXResourcesBuildPhase section */

/* Begin PBXSourcesBuildPhase section */
		161ECC781F39009500699E77 /* Sources */ = {
			isa = PBXSourcesBuildPhase;
			buildActionMask = 2147483647;
			files = (
				16CFD98F1F3A175C00B8A2C4 /* CircledNumberView.swift in Sources */,
				1638837F1F4DF76C003FE942 /* UIColorUtilities.swift in Sources */,
				161ECC801F39009600699E77 /* AppDelegate.swift in Sources */,
				16CFD98C1F3A15C900B8A2C4 /* TableViewController.swift in Sources */,
				16CFD9921F3A17ED00B8A2C4 /* StoryCell.swift in Sources */,
			);
			runOnlyForDeploymentPostprocessing = 0;
		};
		163883801F4DF787003FE942 /* Sources */ = {
			isa = PBXSourcesBuildPhase;
			buildActionMask = 2147483647;
			files = (
				163883901F4DF7B0003FE942 /* UIColorUtilities.swift in Sources */,
				1638838F1F4DF797003FE942 /* UIColorUtilitiesTests.swift in Sources */,
			);
			runOnlyForDeploymentPostprocessing = 0;
		};
/* End PBXSourcesBuildPhase section */

/* Begin PBXTargetDependency section */
		1638838A1F4DF787003FE942 /* PBXTargetDependency */ = {
			isa = PBXTargetDependency;
			target = 161ECC7B1F39009500699E77 /* hackyto */;
			targetProxy = 163883891F4DF787003FE942 /* PBXContainerItemProxy */;
		};
/* End PBXTargetDependency section */

/* Begin PBXVariantGroup section */
		161ECC881F39009600699E77 /* LaunchScreen.storyboard */ = {
			isa = PBXVariantGroup;
			children = (
				161ECC891F39009600699E77 /* Base */,
			);
			name = LaunchScreen.storyboard;
			sourceTree = "<group>";
		};
/* End PBXVariantGroup section */

/* Begin XCBuildConfiguration section */
		161ECC8C1F39009600699E77 /* Debug */ = {
			isa = XCBuildConfiguration;
			baseConfigurationReference = 163883741F4DF0EF003FE942 /* Config.xcconfig */;
			buildSettings = {
				ALWAYS_SEARCH_USER_PATHS = NO;
				CLANG_ANALYZER_NONNULL = YES;
				CLANG_ANALYZER_NUMBER_OBJECT_CONVERSION = YES_AGGRESSIVE;
				CLANG_CXX_LANGUAGE_STANDARD = "gnu++0x";
				CLANG_CXX_LIBRARY = "libc++";
				CLANG_ENABLE_MODULES = YES;
				CLANG_ENABLE_OBJC_ARC = YES;
				CLANG_WARN_BOOL_CONVERSION = YES;
				CLANG_WARN_CONSTANT_CONVERSION = YES;
				CLANG_WARN_DIRECT_OBJC_ISA_USAGE = YES_ERROR;
				CLANG_WARN_DOCUMENTATION_COMMENTS = YES;
				CLANG_WARN_EMPTY_BODY = YES;
				CLANG_WARN_ENUM_CONVERSION = YES;
				CLANG_WARN_INFINITE_RECURSION = YES;
				CLANG_WARN_INT_CONVERSION = YES;
				CLANG_WARN_OBJC_ROOT_CLASS = YES_ERROR;
				CLANG_WARN_SUSPICIOUS_MOVE = YES;
				CLANG_WARN_UNREACHABLE_CODE = YES;
				CLANG_WARN__DUPLICATE_METHOD_MATCH = YES;
				"CODE_SIGN_IDENTITY[sdk=iphoneos*]" = "iPhone Developer";
				COPY_PHASE_STRIP = NO;
				DEBUG_INFORMATION_FORMAT = dwarf;
				ENABLE_STRICT_OBJC_MSGSEND = YES;
				ENABLE_TESTABILITY = YES;
				GCC_C_LANGUAGE_STANDARD = gnu99;
				GCC_DYNAMIC_NO_PIC = NO;
				GCC_NO_COMMON_BLOCKS = YES;
				GCC_OPTIMIZATION_LEVEL = 0;
				GCC_PREPROCESSOR_DEFINITIONS = (
					"DEBUG=1",
					"$(inherited)",
				);
				GCC_WARN_64_TO_32_BIT_CONVERSION = YES;
				GCC_WARN_ABOUT_RETURN_TYPE = YES_ERROR;
				GCC_WARN_UNDECLARED_SELECTOR = YES;
				GCC_WARN_UNINITIALIZED_AUTOS = YES_AGGRESSIVE;
				GCC_WARN_UNUSED_FUNCTION = YES;
				GCC_WARN_UNUSED_VARIABLE = YES;
				IPHONEOS_DEPLOYMENT_TARGET = 10.3;
				MTL_ENABLE_DEBUG_INFO = YES;
				ONLY_ACTIVE_ARCH = YES;
				SDKROOT = iphoneos;
				SWIFT_ACTIVE_COMPILATION_CONDITIONS = DEBUG;
				SWIFT_OPTIMIZATION_LEVEL = "-Onone";
			};
			name = Debug;
		};
		161ECC8D1F39009600699E77 /* Release */ = {
			isa = XCBuildConfiguration;
			baseConfigurationReference = 163883741F4DF0EF003FE942 /* Config.xcconfig */;
			buildSettings = {
				ALWAYS_SEARCH_USER_PATHS = NO;
				CLANG_ANALYZER_NONNULL = YES;
				CLANG_ANALYZER_NUMBER_OBJECT_CONVERSION = YES_AGGRESSIVE;
				CLANG_CXX_LANGUAGE_STANDARD = "gnu++0x";
				CLANG_CXX_LIBRARY = "libc++";
				CLANG_ENABLE_MODULES = YES;
				CLANG_ENABLE_OBJC_ARC = YES;
				CLANG_WARN_BOOL_CONVERSION = YES;
				CLANG_WARN_CONSTANT_CONVERSION = YES;
				CLANG_WARN_DIRECT_OBJC_ISA_USAGE = YES_ERROR;
				CLANG_WARN_DOCUMENTATION_COMMENTS = YES;
				CLANG_WARN_EMPTY_BODY = YES;
				CLANG_WARN_ENUM_CONVERSION = YES;
				CLANG_WARN_INFINITE_RECURSION = YES;
				CLANG_WARN_INT_CONVERSION = YES;
				CLANG_WARN_OBJC_ROOT_CLASS = YES_ERROR;
				CLANG_WARN_SUSPICIOUS_MOVE = YES;
				CLANG_WARN_UNREACHABLE_CODE = YES;
				CLANG_WARN__DUPLICATE_METHOD_MATCH = YES;
				"CODE_SIGN_IDENTITY[sdk=iphoneos*]" = "iPhone Developer";
				COPY_PHASE_STRIP = NO;
				DEBUG_INFORMATION_FORMAT = "dwarf-with-dsym";
				ENABLE_NS_ASSERTIONS = NO;
				ENABLE_STRICT_OBJC_MSGSEND = YES;
				GCC_C_LANGUAGE_STANDARD = gnu99;
				GCC_NO_COMMON_BLOCKS = YES;
				GCC_WARN_64_TO_32_BIT_CONVERSION = YES;
				GCC_WARN_ABOUT_RETURN_TYPE = YES_ERROR;
				GCC_WARN_UNDECLARED_SELECTOR = YES;
				GCC_WARN_UNINITIALIZED_AUTOS = YES_AGGRESSIVE;
				GCC_WARN_UNUSED_FUNCTION = YES;
				GCC_WARN_UNUSED_VARIABLE = YES;
				IPHONEOS_DEPLOYMENT_TARGET = 10.3;
				MTL_ENABLE_DEBUG_INFO = NO;
				SDKROOT = iphoneos;
				SWIFT_OPTIMIZATION_LEVEL = "-Owholemodule";
				VALIDATE_PRODUCT = YES;
			};
			name = Release;
		};
		161ECC8F1F39009600699E77 /* Debug */ = {
			isa = XCBuildConfiguration;
			buildSettings = {
				ASSETCATALOG_COMPILER_APPICON_NAME = AppIcon;
				CLANG_ENABLE_MODULES = YES;
				DEVELOPMENT_TEAM = WUZALV7LJS;
				INFOPLIST_FILE = hackyto/Info.plist;
				IPHONEOS_DEPLOYMENT_TARGET = 9.0;
				LD_RUNPATH_SEARCH_PATHS = "$(inherited) @executable_path/Frameworks";
				OTHER_LDFLAGS = "-ObjC";
				PRODUCT_BUNDLE_IDENTIFIER = com.ehtd.hackyto;
				PRODUCT_NAME = "$(TARGET_NAME)";
				SWIFT_OBJC_BRIDGING_HEADER = "hackyto/hackyto-Bridging-Header.h";
				SWIFT_OPTIMIZATION_LEVEL = "-Onone";
				SWIFT_VERSION = 3.0;
				TARGETED_DEVICE_FAMILY = "1,2";
			};
			name = Debug;
		};
		161ECC901F39009600699E77 /* Release */ = {
			isa = XCBuildConfiguration;
			buildSettings = {
				ASSETCATALOG_COMPILER_APPICON_NAME = AppIcon;
				CLANG_ENABLE_MODULES = YES;
				DEVELOPMENT_TEAM = WUZALV7LJS;
				INFOPLIST_FILE = hackyto/Info.plist;
				IPHONEOS_DEPLOYMENT_TARGET = 9.0;
				LD_RUNPATH_SEARCH_PATHS = "$(inherited) @executable_path/Frameworks";
				OTHER_LDFLAGS = "-ObjC";
				PRODUCT_BUNDLE_IDENTIFIER = com.ehtd.hackyto;
				PRODUCT_NAME = "$(TARGET_NAME)";
				SWIFT_OBJC_BRIDGING_HEADER = "hackyto/hackyto-Bridging-Header.h";
				SWIFT_VERSION = 3.0;
				TARGETED_DEVICE_FAMILY = "1,2";
			};
			name = Release;
		};
		1638838C1F4DF787003FE942 /* Debug */ = {
			isa = XCBuildConfiguration;
			buildSettings = {
				BUNDLE_LOADER = "$(TEST_HOST)";
				CLANG_ENABLE_MODULES = YES;
				DEVELOPMENT_TEAM = WUZALV7LJS;
				INFOPLIST_FILE = hackytoTests/Info.plist;
				LD_RUNPATH_SEARCH_PATHS = "$(inherited) @executable_path/Frameworks @loader_path/Frameworks";
				PRODUCT_BUNDLE_IDENTIFIER = io.ernesto.hackytoTests;
				PRODUCT_NAME = "$(TARGET_NAME)";
				SWIFT_OBJC_BRIDGING_HEADER = "hackytoTests/hackytoTests-Bridging-Header.h";
				SWIFT_OPTIMIZATION_LEVEL = "-Onone";
				SWIFT_VERSION = 3.0;
				TEST_HOST = "$(BUILT_PRODUCTS_DIR)/hackyto.app/hackyto";
			};
			name = Debug;
		};
		1638838D1F4DF787003FE942 /* Release */ = {
			isa = XCBuildConfiguration;
			buildSettings = {
				BUNDLE_LOADER = "$(TEST_HOST)";
				CLANG_ENABLE_MODULES = YES;
				DEVELOPMENT_TEAM = WUZALV7LJS;
				INFOPLIST_FILE = hackytoTests/Info.plist;
				LD_RUNPATH_SEARCH_PATHS = "$(inherited) @executable_path/Frameworks @loader_path/Frameworks";
				PRODUCT_BUNDLE_IDENTIFIER = io.ernesto.hackytoTests;
				PRODUCT_NAME = "$(TARGET_NAME)";
				SWIFT_OBJC_BRIDGING_HEADER = "hackytoTests/hackytoTests-Bridging-Header.h";
				SWIFT_VERSION = 3.0;
				TEST_HOST = "$(BUILT_PRODUCTS_DIR)/hackyto.app/hackyto";
			};
			name = Release;
		};
/* End XCBuildConfiguration section */

/* Begin XCConfigurationList section */
		161ECC771F39009500699E77 /* Build configuration list for PBXProject "hackyto" */ = {
			isa = XCConfigurationList;
			buildConfigurations = (
				161ECC8C1F39009600699E77 /* Debug */,
				161ECC8D1F39009600699E77 /* Release */,
			);
			defaultConfigurationIsVisible = 0;
			defaultConfigurationName = Release;
		};
		161ECC8E1F39009600699E77 /* Build configuration list for PBXNativeTarget "hackyto" */ = {
			isa = XCConfigurationList;
			buildConfigurations = (
				161ECC8F1F39009600699E77 /* Debug */,
				161ECC901F39009600699E77 /* Release */,
			);
			defaultConfigurationIsVisible = 0;
			defaultConfigurationName = Release;
		};
		1638838B1F4DF787003FE942 /* Build configuration list for PBXNativeTarget "hackytoTests" */ = {
			isa = XCConfigurationList;
			buildConfigurations = (
				1638838C1F4DF787003FE942 /* Debug */,
				1638838D1F4DF787003FE942 /* Release */,
			);
			defaultConfigurationIsVisible = 0;
		};
/* End XCConfigurationList section */
	};
	rootObject = 161ECC741F39009500699E77 /* Project object */;
}
